
Microsoft Visual Studio Solution File, Format Version 12.00
# Visual Studio Version 16
VisualStudioVersion = 16.0.32106.194
MinimumVisualStudioVersion = 10.0.40219.1
Project("{9A19103F-16F7-4668-BE54-9A1E7A4F7556}") = "1-IntroductionOOP", "IntroductionOOP\1-IntroductionOOP.csproj", "{CAF28007-74DD-4F0E-8C8F-7E3B9B3351F4}"
EndProject
Project("{9A19103F-16F7-4668-BE54-9A1E7A4F7556}") = "2-Inheritance", "2-Inheritance\2-Inheritance.csproj", "{9E4BA44B-3655-4691-9550-F7C8A4D76748}"
EndProject
Project("{9A19103F-16F7-4668-BE54-9A1E7A4F7556}") = "3-Polymorphism", "3-Polymorphism\3-Polymorphism.csproj", "{17147BF1-1FD1-4B73-B195-7984D787786C}"
EndProject
Project("{9A19103F-16F7-4668-BE54-9A1E7A4F7556}") = "4-AbstractClassesInterfaces", "4-AbstractClassesInterfaces\4-AbstractClassesInterfaces.csproj", "{59C38DC6-8D83-49B4-BB1A-9E52243D595C}"
EndProject
Project("{9A19103F-16F7-4668-BE54-9A1E7A4F7556}") = "5-Generics", "5-Generics\5-Generics.csproj", "{BA3A6021-F6AC-400C-A2C6-888420BA28A8}"
EndProject
Project("{9A19103F-16F7-4668-BE54-9A1E7A4F7556}") = "6-DataStructures", "6-DataStructures\6-DataStructures.csproj", "{5918B1A6-5BC2-45D6-AF87-F61705B0D9EA}"
EndProject
Project("{9A19103F-16F7-4668-BE54-9A1E7A4F7556}") = "7-Exceptions", "7-Exceptions\7-Exceptions.csproj", "{DE6B4D65-0C86-48CF-B978-364E504DEA16}"
EndProject
Project("{9A19103F-16F7-4668-BE54-9A1E7A4F7556}") = "8-StreamsFilesDirectories", "8-StreamsFilesDirectories\8-StreamsFilesDirectories.csproj", "{A92E533E-3824-4FF9-9A8E-83B370408815}"
EndProject
Project("{9A19103F-16F7-4668-BE54-9A1E7A4F7556}") = "9-DelegatesEvents", "9-DelegatesEvents\9-DelegatesEvents.csproj", "{AC7AE8E3-517F-45FA-A7D4-1583CE8EF7D8}"
EndProject
Project("{9A19103F-16F7-4668-BE54-9A1E7A4F7556}") = "LambdaExpressionsReflectionAttributes", "LambdaExpressionsReflectionAttributes\LambdaExpressionsReflectionAttributes.csproj", "{8C97AB1E-E431-47E1-9594-DC358C82AE91}"
EndProject
Project("{9A19103F-16F7-4668-BE54-9A1E7A4F7556}") = "MultithreadingThreads", "MultithreadingThreads\MultithreadingThreads.csproj", "{EFCD223E-0595-40D0-B07F-166F9B6A272C}"
EndProject
Project("{9A19103F-16F7-4668-BE54-9A1E7A4F7556}") = "MultithreadingTasks", "MultithreadingTasks\MultithreadingTasks.csproj", "{ADAE1D47-A63B-4CF4-8FE6-C85E8EE9FD16}"
EndProject
Project("{9A19103F-16F7-4668-BE54-9A1E7A4F7556}") = "Interfaces", "Interfaces\Interfaces.csproj", "{752E6F0F-5338-4A8A-999B-7ADFF04CF6F1}"
EndProject
Project("{FAE04EC0-301F-11D3-BF4B-00C04F79EFBC}") = "OOP-1-Interface", "OOP-1-Interface\OOP-1-Interface.csproj", "{062E1DDD-4DB0-42FA-8DCB-733B02500323}"
EndProject
Project("{FAE04EC0-301F-11D3-BF4B-00C04F79EFBC}") = "AccessModifiers", "AccessModifiers\AccessModifiers.csproj", "{28BB073B-1FAA-422B-8D50-6C976AB51CD1}"
EndProject
Global
	GlobalSection(SolutionConfigurationPlatforms) = preSolution
		Debug|Any CPU = Debug|Any CPU
		Release|Any CPU = Release|Any CPU
	EndGlobalSection
	GlobalSection(ProjectConfigurationPlatforms) = postSolution
		{CAF28007-74DD-4F0E-8C8F-7E3B9B3351F4}.Debug|Any CPU.ActiveCfg = Debug|Any CPU
		{CAF28007-74DD-4F0E-8C8F-7E3B9B3351F4}.Debug|Any CPU.Build.0 = Debug|Any CPU
		{CAF28007-74DD-4F0E-8C8F-7E3B9B3351F4}.Release|Any CPU.ActiveCfg = Release|Any CPU
		{CAF28007-74DD-4F0E-8C8F-7E3B9B3351F4}.Release|Any CPU.Build.0 = Release|Any CPU
		{9E4BA44B-3655-4691-9550-F7C8A4D76748}.Debug|Any CPU.ActiveCfg = Debug|Any CPU
		{9E4BA44B-3655-4691-9550-F7C8A4D76748}.Debug|Any CPU.Build.0 = Debug|Any CPU
		{9E4BA44B-3655-4691-9550-F7C8A4D76748}.Release|Any CPU.ActiveCfg = Release|Any CPU
		{9E4BA44B-3655-4691-9550-F7C8A4D76748}.Release|Any CPU.Build.0 = Release|Any CPU
		{17147BF1-1FD1-4B73-B195-7984D787786C}.Debug|Any CPU.ActiveCfg = Debug|Any CPU
		{17147BF1-1FD1-4B73-B195-7984D787786C}.Debug|Any CPU.Build.0 = Debug|Any CPU
		{17147BF1-1FD1-4B73-B195-7984D787786C}.Release|Any CPU.ActiveCfg = Release|Any CPU
		{17147BF1-1FD1-4B73-B195-7984D787786C}.Release|Any CPU.Build.0 = Release|Any CPU
		{59C38DC6-8D83-49B4-BB1A-9E52243D595C}.Debug|Any CPU.ActiveCfg = Debug|Any CPU
		{59C38DC6-8D83-49B4-BB1A-9E52243D595C}.Debug|Any CPU.Build.0 = Debug|Any CPU
		{59C38DC6-8D83-49B4-BB1A-9E52243D595C}.Release|Any CPU.ActiveCfg = Release|Any CPU
		{59C38DC6-8D83-49B4-BB1A-9E52243D595C}.Release|Any CPU.Build.0 = Release|Any CPU
		{BA3A6021-F6AC-400C-A2C6-888420BA28A8}.Debug|Any CPU.ActiveCfg = Debug|Any CPU
		{BA3A6021-F6AC-400C-A2C6-888420BA28A8}.Debug|Any CPU.Build.0 = Debug|Any CPU
		{BA3A6021-F6AC-400C-A2C6-888420BA28A8}.Release|Any CPU.ActiveCfg = Release|Any CPU
		{BA3A6021-F6AC-400C-A2C6-888420BA28A8}.Release|Any CPU.Build.0 = Release|Any CPU
		{5918B1A6-5BC2-45D6-AF87-F61705B0D9EA}.Debug|Any CPU.ActiveCfg = Debug|Any CPU
		{5918B1A6-5BC2-45D6-AF87-F61705B0D9EA}.Debug|Any CPU.Build.0 = Debug|Any CPU
		{5918B1A6-5BC2-45D6-AF87-F61705B0D9EA}.Release|Any CPU.ActiveCfg = Release|Any CPU
		{5918B1A6-5BC2-45D6-AF87-F61705B0D9EA}.Release|Any CPU.Build.0 = Release|Any CPU
		{DE6B4D65-0C86-48CF-B978-364E504DEA16}.Debug|Any CPU.ActiveCfg = Debug|Any CPU
		{DE6B4D65-0C86-48CF-B978-364E504DEA16}.Debug|Any CPU.Build.0 = Debug|Any CPU
		{DE6B4D65-0C86-48CF-B978-364E504DEA16}.Release|Any CPU.ActiveCfg = Release|Any CPU
		{DE6B4D65-0C86-48CF-B978-364E504DEA16}.Release|Any CPU.Build.0 = Release|Any CPU
		{A92E533E-3824-4FF9-9A8E-83B370408815}.Debug|Any CPU.ActiveCfg = Debug|Any CPU
		{A92E533E-3824-4FF9-9A8E-83B370408815}.Debug|Any CPU.Build.0 = Debug|Any CPU
		{A92E533E-3824-4FF9-9A8E-83B370408815}.Release|Any CPU.ActiveCfg = Release|Any CPU
		{A92E533E-3824-4FF9-9A8E-83B370408815}.Release|Any CPU.Build.0 = Release|Any CPU
		{AC7AE8E3-517F-45FA-A7D4-1583CE8EF7D8}.Debug|Any CPU.ActiveCfg = Debug|Any CPU
		{AC7AE8E3-517F-45FA-A7D4-1583CE8EF7D8}.Debug|Any CPU.Build.0 = Debug|Any CPU
		{AC7AE8E3-517F-45FA-A7D4-1583CE8EF7D8}.Release|Any CPU.ActiveCfg = Release|Any CPU
		{AC7AE8E3-517F-45FA-A7D4-1583CE8EF7D8}.Release|Any CPU.Build.0 = Release|Any CPU
		{8C97AB1E-E431-47E1-9594-DC358C82AE91}.Debug|Any CPU.ActiveCfg = Debug|Any CPU
		{8C97AB1E-E431-47E1-9594-DC358C82AE91}.Debug|Any CPU.Build.0 = Debug|Any CPU
		{8C97AB1E-E431-47E1-9594-DC358C82AE91}.Release|Any CPU.ActiveCfg = Release|Any CPU
		{8C97AB1E-E431-47E1-9594-DC358C82AE91}.Release|Any CPU.Build.0 = Release|Any CPU
		{EFCD223E-0595-40D0-B07F-166F9B6A272C}.Debug|Any CPU.ActiveCfg = Debug|Any CPU
		{EFCD223E-0595-40D0-B07F-166F9B6A272C}.Debug|Any CPU.Build.0 = Debug|Any CPU
		{EFCD223E-0595-40D0-B07F-166F9B6A272C}.Release|Any CPU.ActiveCfg = Release|Any CPU
		{EFCD223E-0595-40D0-B07F-166F9B6A272C}.Release|Any CPU.Build.0 = Release|Any CPU
		{ADAE1D47-A63B-4CF4-8FE6-C85E8EE9FD16}.Debug|Any CPU.ActiveCfg = Debug|Any CPU
		{ADAE1D47-A63B-4CF4-8FE6-C85E8EE9FD16}.Debug|Any CPU.Build.0 = Debug|Any CPU
		{ADAE1D47-A63B-4CF4-8FE6-C85E8EE9FD16}.Release|Any CPU.ActiveCfg = Release|Any CPU
		{ADAE1D47-A63B-4CF4-8FE6-C85E8EE9FD16}.Release|Any CPU.Build.0 = Release|Any CPU
		{752E6F0F-5338-4A8A-999B-7ADFF04CF6F1}.Debug|Any CPU.ActiveCfg = Debug|Any CPU
		{752E6F0F-5338-4A8A-999B-7ADFF04CF6F1}.Debug|Any CPU.Build.0 = Debug|Any CPU
		{752E6F0F-5338-4A8A-999B-7ADFF04CF6F1}.Release|Any CPU.ActiveCfg = Release|Any CPU
		{752E6F0F-5338-4A8A-999B-7ADFF04CF6F1}.Release|Any CPU.Build.0 = Release|Any CPU
		{062E1DDD-4DB0-42FA-8DCB-733B02500323}.Debug|Any CPU.ActiveCfg = Debug|Any CPU
		{062E1DDD-4DB0-42FA-8DCB-733B02500323}.Debug|Any CPU.Build.0 = Debug|Any CPU
		{062E1DDD-4DB0-42FA-8DCB-733B02500323}.Release|Any CPU.ActiveCfg = Release|Any CPU
		{062E1DDD-4DB0-42FA-8DCB-733B02500323}.Release|Any CPU.Build.0 = Release|Any CPU
		{28BB073B-1FAA-422B-8D50-6C976AB51CD1}.Debug|Any CPU.ActiveCfg = Debug|Any CPU
		{28BB073B-1FAA-422B-8D50-6C976AB51CD1}.Debug|Any CPU.Build.0 = Debug|Any CPU
		{28BB073B-1FAA-422B-8D50-6C976AB51CD1}.Release|Any CPU.ActiveCfg = Release|Any CPU
		{28BB073B-1FAA-422B-8D50-6C976AB51CD1}.Release|Any CPU.Build.0 = Release|Any CPU
	EndGlobalSection
	GlobalSection(SolutionProperties) = preSolution
		HideSolutionNode = FALSE
	EndGlobalSection
	GlobalSection(ExtensibilityGlobals) = postSolution
		SolutionGuid = {0918607A-21D8-476B-9CC3-402A5F08A7B9}
	EndGlobalSection
EndGlobal
