
Microsoft Visual Studio Solution File, Format Version 12.00
# Visual Studio Version 17
VisualStudioVersion = 17.2.32516.85
MinimumVisualStudioVersion = 10.0.40219.1
Project("{9A19103F-16F7-4668-BE54-9A1E7A4F7556}") = "1-IntroductionOOP", "IntroductionOOP\1-IntroductionOOP.csproj", "{CAF28007-74DD-4F0E-8C8F-7E3B9B3351F4}"
EndProject
Project("{9A19103F-16F7-4668-BE54-9A1E7A4F7556}") = "2-Inheritance", "2-Inheritance\2-Inheritance.csproj", "{9E4BA44B-3655-4691-9550-F7C8A4D76748}"
EndProject
Project("{9A19103F-16F7-4668-BE54-9A1E7A4F7556}") = "3-Polymorphism", "3-Polymorphism\3-Polymorphism.csproj", "{17147BF1-1FD1-4B73-B195-7984D787786C}"
EndProject
Project("{9A19103F-16F7-4668-BE54-9A1E7A4F7556}") = "4-AbstractClassesInterfaces", "4-AbstractClassesInterfaces\4-AbstractClassesInterfaces.csproj", "{59C38DC6-8D83-49B4-BB1A-9E52243D595C}"
EndProject
Project("{9A19103F-16F7-4668-BE54-9A1E7A4F7556}") = "5-Generics", "5-Generics\5-Generics.csproj", "{BA3A6021-F6AC-400C-A2C6-888420BA28A8}"
EndProject
Project("{9A19103F-16F7-4668-BE54-9A1E7A4F7556}") = "6-DataStructures", "6-DataStructures\6-DataStructures.csproj", "{5918B1A6-5BC2-45D6-AF87-F61705B0D9EA}"
EndProject
Project("{9A19103F-16F7-4668-BE54-9A1E7A4F7556}") = "7-Exceptions", "7-Exceptions\7-Exceptions.csproj", "{DE6B4D65-0C86-48CF-B978-364E504DEA16}"
EndProject
Project("{9A19103F-16F7-4668-BE54-9A1E7A4F7556}") = "8-StreamsFilesDirectories", "8-StreamsFilesDirectories\8-StreamsFilesDirectories.csproj", "{A92E533E-3824-4FF9-9A8E-83B370408815}"
EndProject
Project("{9A19103F-16F7-4668-BE54-9A1E7A4F7556}") = "9-DelegatesEvents", "9-DelegatesEvents\9-DelegatesEvents.csproj", "{AC7AE8E3-517F-45FA-A7D4-1583CE8EF7D8}"
EndProject
Project("{9A19103F-16F7-4668-BE54-9A1E7A4F7556}") = "LambdaExpressionsReflectionAttributes", "LambdaExpressionsReflectionAttributes\LambdaExpressionsReflectionAttributes.csproj", "{8C97AB1E-E431-47E1-9594-DC358C82AE91}"
EndProject
Project("{9A19103F-16F7-4668-BE54-9A1E7A4F7556}") = "MultithreadingThreads", "MultithreadingThreads\MultithreadingThreads.csproj", "{EFCD223E-0595-40D0-B07F-166F9B6A272C}"
EndProject
Project("{9A19103F-16F7-4668-BE54-9A1E7A4F7556}") = "MultithreadingTasks", "MultithreadingTasks\MultithreadingTasks.csproj", "{ADAE1D47-A63B-4CF4-8FE6-C85E8EE9FD16}"
EndProject
Project("{9A19103F-16F7-4668-BE54-9A1E7A4F7556}") = "Interfaces", "Interfaces\Interfaces.csproj", "{752E6F0F-5338-4A8A-999B-7ADFF04CF6F1}"
EndProject
Project("{9A19103F-16F7-4668-BE54-9A1E7A4F7556}") = "1-OOP-Interface", "OOP-1-Interface\1-OOP-Interface.csproj", "{062E1DDD-4DB0-42FA-8DCB-733B02500323}"
EndProject
Project("{9A19103F-16F7-4668-BE54-9A1E7A4F7556}") = "AccessModifiers", "AccessModifiers\AccessModifiers.csproj", "{28BB073B-1FAA-422B-8D50-6C976AB51CD1}"
EndProject
Project("{9A19103F-16F7-4668-BE54-9A1E7A4F7556}") = "NestedClass", "NestedAndSealedClass\NestedClass.csproj", "{BCDAE888-3EA0-44D2-9F25-0EAD87116D84}"
EndProject
Project("{9A19103F-16F7-4668-BE54-9A1E7A4F7556}") = "SealedClass", "SealedClass\SealedClass.csproj", "{E2CE0BB3-21BD-4478-80E1-ECEF002E24C4}"
EndProject
Project("{9A19103F-16F7-4668-BE54-9A1E7A4F7556}") = "ExeptionTest", "ExeptionTest\ExeptionTest.csproj", "{ABF8F618-6111-4527-BC2E-3593CAF5A7D9}"
EndProject
Project("{9A19103F-16F7-4668-BE54-9A1E7A4F7556}") = "ExeptionTest2", "ExeptionTest2\ExeptionTest2.csproj", "{CCC004E6-E2CB-4D14-91A6-6064C2A70FD4}"
EndProject
Project("{9A19103F-16F7-4668-BE54-9A1E7A4F7556}") = "RefOut", "RefOut\RefOut.csproj", "{07B932AF-C431-4ED8-9767-DBB6BB6A9407}"
EndProject
Project("{9A19103F-16F7-4668-BE54-9A1E7A4F7556}") = "ReflectionExample", "ReflectionExample\ReflectionExample.csproj", "{A16D14BE-5436-4988-BCFC-1C28E16F2D2B}"
EndProject
Project("{9A19103F-16F7-4668-BE54-9A1E7A4F7556}") = "AttributeExample", "AttributeExample\AttributeExample.csproj", "{2A022426-E590-433D-B0CE-D0505B303A7B}"
EndProject
Project("{9A19103F-16F7-4668-BE54-9A1E7A4F7556}") = "ThreadExample", "ThreadExample\ThreadExample.csproj", "{15038513-AB96-45C6-A77C-DD101EFCCE6C}"
EndProject
Project("{9A19103F-16F7-4668-BE54-9A1E7A4F7556}") = "Testing", "Testing\Testing.csproj", "{96B45946-3249-42A8-9EBE-7EB770797FFE}"
EndProject
Project("{9A19103F-16F7-4668-BE54-9A1E7A4F7556}") = "AbstractClass", "AbstractClass\AbstractClass.csproj", "{1A7AE044-D8F6-4990-B417-1FF545670FD5}"
EndProject
Project("{9A19103F-16F7-4668-BE54-9A1E7A4F7556}") = "DataStruct", "DataStruct\DataStruct.csproj", "{F3A95C22-9D4E-404E-8B87-F763A8F20B0B}"
EndProject
Project("{2150E333-8FDC-42A3-9474-1A3956D46DE8}") = "DataStructure", "DataStructure", "{A071951B-202B-4179-8FB4-ADB4A5056A63}"
EndProject
Project("{2150E333-8FDC-42A3-9474-1A3956D46DE8}") = "Exeption", "Exeption", "{41110C10-BD9A-4982-A044-63EDD106DC0A}"
EndProject
Project("{2150E333-8FDC-42A3-9474-1A3956D46DE8}") = "Multithreading", "Multithreading", "{16A671B2-4992-4A2F-853F-9FBF46BB4A0F}"
EndProject
Project("{2150E333-8FDC-42A3-9474-1A3956D46DE8}") = "ClassTypes", "ClassTypes", "{60CB1DAB-EB04-49EC-8C80-AC7D448376EE}"
EndProject
Project("{2150E333-8FDC-42A3-9474-1A3956D46DE8}") = "DelegateEvent", "DelegateEvent", "{6C49A512-FD48-4AE1-B51E-1CB6595E1FF6}"
EndProject
Project("{9A19103F-16F7-4668-BE54-9A1E7A4F7556}") = "EventTest", "EventTest\EventTest.csproj", "{46850693-8922-4A45-A4D9-76521059BC9E}"
EndProject
Project("{9A19103F-16F7-4668-BE54-9A1E7A4F7556}") = "Delegate2", "Delegate2\Delegate2.csproj", "{F979BC58-F960-4F59-AD15-1FB752FC29CC}"
EndProject
Project("{9A19103F-16F7-4668-BE54-9A1E7A4F7556}") = "EndThread", "EndThread\EndThread.csproj", "{C5FB8E2C-5895-40CE-96A7-D92CA3AAFCB1}"
EndProject
Project("{2150E333-8FDC-42A3-9474-1A3956D46DE8}") = "Records", "Records", "{5996717D-4E31-42EB-9BA5-343C767A9D3E}"
EndProject
Project("{9A19103F-16F7-4668-BE54-9A1E7A4F7556}") = "RecordExample1", "RecordExample1\RecordExample1.csproj", "{4E468808-9027-4116-82D9-F05BCE24D776}"
EndProject
Project("{2150E333-8FDC-42A3-9474-1A3956D46DE8}") = "Lambda", "Lambda", "{4A956473-6468-4099-B4A7-16896E9D9B52}"
EndProject
Project("{9A19103F-16F7-4668-BE54-9A1E7A4F7556}") = "LambdaExample", "LambdaExample\LambdaExample.csproj", "{DF0CD2EF-2780-4B36-ACC0-4742F5834230}"
EndProject
Project("{2150E333-8FDC-42A3-9474-1A3956D46DE8}") = "Servises", "Servises", "{51710B5C-6D9F-447F-8250-66A1BE9D5F6B}"
EndProject
Project("{9A19103F-16F7-4668-BE54-9A1E7A4F7556}") = "TestService", "TestService\TestService.csproj", "{28049022-F472-4EEF-8B67-DC347EB817B9}"
EndProject
Project("{9A19103F-16F7-4668-BE54-9A1E7A4F7556}") = "TestStudent", "TestStudent\TestStudent.csproj", "{B0901820-52FF-4554-B504-D0F70EA620C3}"
EndProject
Project("{FAE04EC0-301F-11D3-BF4B-00C04F79EFBC}") = "Algorithm", "Algorithm\Algorithm.csproj", "{3F3EAA77-43B2-47B4-9CF9-A98080A00320}"
EndProject
Global
	GlobalSection(SolutionConfigurationPlatforms) = preSolution
		Debug|Any CPU = Debug|Any CPU
		Release|Any CPU = Release|Any CPU
	EndGlobalSection
	GlobalSection(ProjectConfigurationPlatforms) = postSolution
		{CAF28007-74DD-4F0E-8C8F-7E3B9B3351F4}.Debug|Any CPU.ActiveCfg = Debug|Any CPU
		{CAF28007-74DD-4F0E-8C8F-7E3B9B3351F4}.Debug|Any CPU.Build.0 = Debug|Any CPU
		{CAF28007-74DD-4F0E-8C8F-7E3B9B3351F4}.Release|Any CPU.ActiveCfg = Release|Any CPU
		{CAF28007-74DD-4F0E-8C8F-7E3B9B3351F4}.Release|Any CPU.Build.0 = Release|Any CPU
		{9E4BA44B-3655-4691-9550-F7C8A4D76748}.Debug|Any CPU.ActiveCfg = Debug|Any CPU
		{9E4BA44B-3655-4691-9550-F7C8A4D76748}.Debug|Any CPU.Build.0 = Debug|Any CPU
		{9E4BA44B-3655-4691-9550-F7C8A4D76748}.Release|Any CPU.ActiveCfg = Release|Any CPU
		{9E4BA44B-3655-4691-9550-F7C8A4D76748}.Release|Any CPU.Build.0 = Release|Any CPU
		{17147BF1-1FD1-4B73-B195-7984D787786C}.Debug|Any CPU.ActiveCfg = Debug|Any CPU
		{17147BF1-1FD1-4B73-B195-7984D787786C}.Debug|Any CPU.Build.0 = Debug|Any CPU
		{17147BF1-1FD1-4B73-B195-7984D787786C}.Release|Any CPU.ActiveCfg = Release|Any CPU
		{17147BF1-1FD1-4B73-B195-7984D787786C}.Release|Any CPU.Build.0 = Release|Any CPU
		{59C38DC6-8D83-49B4-BB1A-9E52243D595C}.Debug|Any CPU.ActiveCfg = Debug|Any CPU
		{59C38DC6-8D83-49B4-BB1A-9E52243D595C}.Debug|Any CPU.Build.0 = Debug|Any CPU
		{59C38DC6-8D83-49B4-BB1A-9E52243D595C}.Release|Any CPU.ActiveCfg = Release|Any CPU
		{59C38DC6-8D83-49B4-BB1A-9E52243D595C}.Release|Any CPU.Build.0 = Release|Any CPU
		{BA3A6021-F6AC-400C-A2C6-888420BA28A8}.Debug|Any CPU.ActiveCfg = Debug|Any CPU
		{BA3A6021-F6AC-400C-A2C6-888420BA28A8}.Debug|Any CPU.Build.0 = Debug|Any CPU
		{BA3A6021-F6AC-400C-A2C6-888420BA28A8}.Release|Any CPU.ActiveCfg = Release|Any CPU
		{BA3A6021-F6AC-400C-A2C6-888420BA28A8}.Release|Any CPU.Build.0 = Release|Any CPU
		{5918B1A6-5BC2-45D6-AF87-F61705B0D9EA}.Debug|Any CPU.ActiveCfg = Debug|Any CPU
		{5918B1A6-5BC2-45D6-AF87-F61705B0D9EA}.Debug|Any CPU.Build.0 = Debug|Any CPU
		{5918B1A6-5BC2-45D6-AF87-F61705B0D9EA}.Release|Any CPU.ActiveCfg = Release|Any CPU
		{5918B1A6-5BC2-45D6-AF87-F61705B0D9EA}.Release|Any CPU.Build.0 = Release|Any CPU
		{DE6B4D65-0C86-48CF-B978-364E504DEA16}.Debug|Any CPU.ActiveCfg = Debug|Any CPU
		{DE6B4D65-0C86-48CF-B978-364E504DEA16}.Debug|Any CPU.Build.0 = Debug|Any CPU
		{DE6B4D65-0C86-48CF-B978-364E504DEA16}.Release|Any CPU.ActiveCfg = Release|Any CPU
		{DE6B4D65-0C86-48CF-B978-364E504DEA16}.Release|Any CPU.Build.0 = Release|Any CPU
		{A92E533E-3824-4FF9-9A8E-83B370408815}.Debug|Any CPU.ActiveCfg = Debug|Any CPU
		{A92E533E-3824-4FF9-9A8E-83B370408815}.Debug|Any CPU.Build.0 = Debug|Any CPU
		{A92E533E-3824-4FF9-9A8E-83B370408815}.Release|Any CPU.ActiveCfg = Release|Any CPU
		{A92E533E-3824-4FF9-9A8E-83B370408815}.Release|Any CPU.Build.0 = Release|Any CPU
		{AC7AE8E3-517F-45FA-A7D4-1583CE8EF7D8}.Debug|Any CPU.ActiveCfg = Debug|Any CPU
		{AC7AE8E3-517F-45FA-A7D4-1583CE8EF7D8}.Debug|Any CPU.Build.0 = Debug|Any CPU
		{AC7AE8E3-517F-45FA-A7D4-1583CE8EF7D8}.Release|Any CPU.ActiveCfg = Release|Any CPU
		{AC7AE8E3-517F-45FA-A7D4-1583CE8EF7D8}.Release|Any CPU.Build.0 = Release|Any CPU
		{8C97AB1E-E431-47E1-9594-DC358C82AE91}.Debug|Any CPU.ActiveCfg = Debug|Any CPU
		{8C97AB1E-E431-47E1-9594-DC358C82AE91}.Debug|Any CPU.Build.0 = Debug|Any CPU
		{8C97AB1E-E431-47E1-9594-DC358C82AE91}.Release|Any CPU.ActiveCfg = Release|Any CPU
		{8C97AB1E-E431-47E1-9594-DC358C82AE91}.Release|Any CPU.Build.0 = Release|Any CPU
		{EFCD223E-0595-40D0-B07F-166F9B6A272C}.Debug|Any CPU.ActiveCfg = Debug|Any CPU
		{EFCD223E-0595-40D0-B07F-166F9B6A272C}.Debug|Any CPU.Build.0 = Debug|Any CPU
		{EFCD223E-0595-40D0-B07F-166F9B6A272C}.Release|Any CPU.ActiveCfg = Release|Any CPU
		{EFCD223E-0595-40D0-B07F-166F9B6A272C}.Release|Any CPU.Build.0 = Release|Any CPU
		{ADAE1D47-A63B-4CF4-8FE6-C85E8EE9FD16}.Debug|Any CPU.ActiveCfg = Debug|Any CPU
		{ADAE1D47-A63B-4CF4-8FE6-C85E8EE9FD16}.Debug|Any CPU.Build.0 = Debug|Any CPU
		{ADAE1D47-A63B-4CF4-8FE6-C85E8EE9FD16}.Release|Any CPU.ActiveCfg = Release|Any CPU
		{ADAE1D47-A63B-4CF4-8FE6-C85E8EE9FD16}.Release|Any CPU.Build.0 = Release|Any CPU
		{752E6F0F-5338-4A8A-999B-7ADFF04CF6F1}.Debug|Any CPU.ActiveCfg = Debug|Any CPU
		{752E6F0F-5338-4A8A-999B-7ADFF04CF6F1}.Debug|Any CPU.Build.0 = Debug|Any CPU
		{752E6F0F-5338-4A8A-999B-7ADFF04CF6F1}.Release|Any CPU.ActiveCfg = Release|Any CPU
		{752E6F0F-5338-4A8A-999B-7ADFF04CF6F1}.Release|Any CPU.Build.0 = Release|Any CPU
		{062E1DDD-4DB0-42FA-8DCB-733B02500323}.Debug|Any CPU.ActiveCfg = Debug|Any CPU
		{062E1DDD-4DB0-42FA-8DCB-733B02500323}.Debug|Any CPU.Build.0 = Debug|Any CPU
		{062E1DDD-4DB0-42FA-8DCB-733B02500323}.Release|Any CPU.ActiveCfg = Release|Any CPU
		{062E1DDD-4DB0-42FA-8DCB-733B02500323}.Release|Any CPU.Build.0 = Release|Any CPU
		{28BB073B-1FAA-422B-8D50-6C976AB51CD1}.Debug|Any CPU.ActiveCfg = Debug|Any CPU
		{28BB073B-1FAA-422B-8D50-6C976AB51CD1}.Debug|Any CPU.Build.0 = Debug|Any CPU
		{28BB073B-1FAA-422B-8D50-6C976AB51CD1}.Release|Any CPU.ActiveCfg = Release|Any CPU
		{28BB073B-1FAA-422B-8D50-6C976AB51CD1}.Release|Any CPU.Build.0 = Release|Any CPU
		{BCDAE888-3EA0-44D2-9F25-0EAD87116D84}.Debug|Any CPU.ActiveCfg = Debug|Any CPU
		{BCDAE888-3EA0-44D2-9F25-0EAD87116D84}.Debug|Any CPU.Build.0 = Debug|Any CPU
		{BCDAE888-3EA0-44D2-9F25-0EAD87116D84}.Release|Any CPU.ActiveCfg = Release|Any CPU
		{BCDAE888-3EA0-44D2-9F25-0EAD87116D84}.Release|Any CPU.Build.0 = Release|Any CPU
		{E2CE0BB3-21BD-4478-80E1-ECEF002E24C4}.Debug|Any CPU.ActiveCfg = Debug|Any CPU
		{E2CE0BB3-21BD-4478-80E1-ECEF002E24C4}.Debug|Any CPU.Build.0 = Debug|Any CPU
		{E2CE0BB3-21BD-4478-80E1-ECEF002E24C4}.Release|Any CPU.ActiveCfg = Release|Any CPU
		{E2CE0BB3-21BD-4478-80E1-ECEF002E24C4}.Release|Any CPU.Build.0 = Release|Any CPU
		{ABF8F618-6111-4527-BC2E-3593CAF5A7D9}.Debug|Any CPU.ActiveCfg = Debug|Any CPU
		{ABF8F618-6111-4527-BC2E-3593CAF5A7D9}.Debug|Any CPU.Build.0 = Debug|Any CPU
		{ABF8F618-6111-4527-BC2E-3593CAF5A7D9}.Release|Any CPU.ActiveCfg = Release|Any CPU
		{ABF8F618-6111-4527-BC2E-3593CAF5A7D9}.Release|Any CPU.Build.0 = Release|Any CPU
		{CCC004E6-E2CB-4D14-91A6-6064C2A70FD4}.Debug|Any CPU.ActiveCfg = Debug|Any CPU
		{CCC004E6-E2CB-4D14-91A6-6064C2A70FD4}.Debug|Any CPU.Build.0 = Debug|Any CPU
		{CCC004E6-E2CB-4D14-91A6-6064C2A70FD4}.Release|Any CPU.ActiveCfg = Release|Any CPU
		{CCC004E6-E2CB-4D14-91A6-6064C2A70FD4}.Release|Any CPU.Build.0 = Release|Any CPU
		{07B932AF-C431-4ED8-9767-DBB6BB6A9407}.Debug|Any CPU.ActiveCfg = Debug|Any CPU
		{07B932AF-C431-4ED8-9767-DBB6BB6A9407}.Debug|Any CPU.Build.0 = Debug|Any CPU
		{07B932AF-C431-4ED8-9767-DBB6BB6A9407}.Release|Any CPU.ActiveCfg = Release|Any CPU
		{07B932AF-C431-4ED8-9767-DBB6BB6A9407}.Release|Any CPU.Build.0 = Release|Any CPU
		{A16D14BE-5436-4988-BCFC-1C28E16F2D2B}.Debug|Any CPU.ActiveCfg = Debug|Any CPU
		{A16D14BE-5436-4988-BCFC-1C28E16F2D2B}.Debug|Any CPU.Build.0 = Debug|Any CPU
		{A16D14BE-5436-4988-BCFC-1C28E16F2D2B}.Release|Any CPU.ActiveCfg = Release|Any CPU
		{A16D14BE-5436-4988-BCFC-1C28E16F2D2B}.Release|Any CPU.Build.0 = Release|Any CPU
		{2A022426-E590-433D-B0CE-D0505B303A7B}.Debug|Any CPU.ActiveCfg = Debug|Any CPU
		{2A022426-E590-433D-B0CE-D0505B303A7B}.Debug|Any CPU.Build.0 = Debug|Any CPU
		{2A022426-E590-433D-B0CE-D0505B303A7B}.Release|Any CPU.ActiveCfg = Release|Any CPU
		{2A022426-E590-433D-B0CE-D0505B303A7B}.Release|Any CPU.Build.0 = Release|Any CPU
		{15038513-AB96-45C6-A77C-DD101EFCCE6C}.Debug|Any CPU.ActiveCfg = Debug|Any CPU
		{15038513-AB96-45C6-A77C-DD101EFCCE6C}.Debug|Any CPU.Build.0 = Debug|Any CPU
		{15038513-AB96-45C6-A77C-DD101EFCCE6C}.Release|Any CPU.ActiveCfg = Release|Any CPU
		{15038513-AB96-45C6-A77C-DD101EFCCE6C}.Release|Any CPU.Build.0 = Release|Any CPU
		{96B45946-3249-42A8-9EBE-7EB770797FFE}.Debug|Any CPU.ActiveCfg = Debug|Any CPU
		{96B45946-3249-42A8-9EBE-7EB770797FFE}.Debug|Any CPU.Build.0 = Debug|Any CPU
		{96B45946-3249-42A8-9EBE-7EB770797FFE}.Release|Any CPU.ActiveCfg = Release|Any CPU
		{96B45946-3249-42A8-9EBE-7EB770797FFE}.Release|Any CPU.Build.0 = Release|Any CPU
		{1A7AE044-D8F6-4990-B417-1FF545670FD5}.Debug|Any CPU.ActiveCfg = Debug|Any CPU
		{1A7AE044-D8F6-4990-B417-1FF545670FD5}.Debug|Any CPU.Build.0 = Debug|Any CPU
		{1A7AE044-D8F6-4990-B417-1FF545670FD5}.Release|Any CPU.ActiveCfg = Release|Any CPU
		{1A7AE044-D8F6-4990-B417-1FF545670FD5}.Release|Any CPU.Build.0 = Release|Any CPU
		{F3A95C22-9D4E-404E-8B87-F763A8F20B0B}.Debug|Any CPU.ActiveCfg = Debug|Any CPU
		{F3A95C22-9D4E-404E-8B87-F763A8F20B0B}.Debug|Any CPU.Build.0 = Debug|Any CPU
		{F3A95C22-9D4E-404E-8B87-F763A8F20B0B}.Release|Any CPU.ActiveCfg = Release|Any CPU
		{F3A95C22-9D4E-404E-8B87-F763A8F20B0B}.Release|Any CPU.Build.0 = Release|Any CPU
		{46850693-8922-4A45-A4D9-76521059BC9E}.Debug|Any CPU.ActiveCfg = Debug|Any CPU
		{46850693-8922-4A45-A4D9-76521059BC9E}.Debug|Any CPU.Build.0 = Debug|Any CPU
		{46850693-8922-4A45-A4D9-76521059BC9E}.Release|Any CPU.ActiveCfg = Release|Any CPU
		{46850693-8922-4A45-A4D9-76521059BC9E}.Release|Any CPU.Build.0 = Release|Any CPU
		{F979BC58-F960-4F59-AD15-1FB752FC29CC}.Debug|Any CPU.ActiveCfg = Debug|Any CPU
		{F979BC58-F960-4F59-AD15-1FB752FC29CC}.Debug|Any CPU.Build.0 = Debug|Any CPU
		{F979BC58-F960-4F59-AD15-1FB752FC29CC}.Release|Any CPU.ActiveCfg = Release|Any CPU
		{F979BC58-F960-4F59-AD15-1FB752FC29CC}.Release|Any CPU.Build.0 = Release|Any CPU
		{C5FB8E2C-5895-40CE-96A7-D92CA3AAFCB1}.Debug|Any CPU.ActiveCfg = Debug|Any CPU
		{C5FB8E2C-5895-40CE-96A7-D92CA3AAFCB1}.Debug|Any CPU.Build.0 = Debug|Any CPU
		{C5FB8E2C-5895-40CE-96A7-D92CA3AAFCB1}.Release|Any CPU.ActiveCfg = Release|Any CPU
		{C5FB8E2C-5895-40CE-96A7-D92CA3AAFCB1}.Release|Any CPU.Build.0 = Release|Any CPU
		{4E468808-9027-4116-82D9-F05BCE24D776}.Debug|Any CPU.ActiveCfg = Debug|Any CPU
		{4E468808-9027-4116-82D9-F05BCE24D776}.Debug|Any CPU.Build.0 = Debug|Any CPU
		{4E468808-9027-4116-82D9-F05BCE24D776}.Release|Any CPU.ActiveCfg = Release|Any CPU
		{4E468808-9027-4116-82D9-F05BCE24D776}.Release|Any CPU.Build.0 = Release|Any CPU
		{DF0CD2EF-2780-4B36-ACC0-4742F5834230}.Debug|Any CPU.ActiveCfg = Debug|Any CPU
		{DF0CD2EF-2780-4B36-ACC0-4742F5834230}.Debug|Any CPU.Build.0 = Debug|Any CPU
		{DF0CD2EF-2780-4B36-ACC0-4742F5834230}.Release|Any CPU.ActiveCfg = Release|Any CPU
		{DF0CD2EF-2780-4B36-ACC0-4742F5834230}.Release|Any CPU.Build.0 = Release|Any CPU
		{28049022-F472-4EEF-8B67-DC347EB817B9}.Debug|Any CPU.ActiveCfg = Debug|Any CPU
		{28049022-F472-4EEF-8B67-DC347EB817B9}.Debug|Any CPU.Build.0 = Debug|Any CPU
		{28049022-F472-4EEF-8B67-DC347EB817B9}.Release|Any CPU.ActiveCfg = Release|Any CPU
		{28049022-F472-4EEF-8B67-DC347EB817B9}.Release|Any CPU.Build.0 = Release|Any CPU
		{B0901820-52FF-4554-B504-D0F70EA620C3}.Debug|Any CPU.ActiveCfg = Debug|Any CPU
		{B0901820-52FF-4554-B504-D0F70EA620C3}.Debug|Any CPU.Build.0 = Debug|Any CPU
		{B0901820-52FF-4554-B504-D0F70EA620C3}.Release|Any CPU.ActiveCfg = Release|Any CPU
		{B0901820-52FF-4554-B504-D0F70EA620C3}.Release|Any CPU.Build.0 = Release|Any CPU
		{3F3EAA77-43B2-47B4-9CF9-A98080A00320}.Debug|Any CPU.ActiveCfg = Debug|Any CPU
		{3F3EAA77-43B2-47B4-9CF9-A98080A00320}.Debug|Any CPU.Build.0 = Debug|Any CPU
		{3F3EAA77-43B2-47B4-9CF9-A98080A00320}.Release|Any CPU.ActiveCfg = Release|Any CPU
		{3F3EAA77-43B2-47B4-9CF9-A98080A00320}.Release|Any CPU.Build.0 = Release|Any CPU
	EndGlobalSection
	GlobalSection(SolutionProperties) = preSolution
		HideSolutionNode = FALSE
	EndGlobalSection
	GlobalSection(NestedProjects) = preSolution
		{DE6B4D65-0C86-48CF-B978-364E504DEA16} = {41110C10-BD9A-4982-A044-63EDD106DC0A}
		{AC7AE8E3-517F-45FA-A7D4-1583CE8EF7D8} = {6C49A512-FD48-4AE1-B51E-1CB6595E1FF6}
		{EFCD223E-0595-40D0-B07F-166F9B6A272C} = {16A671B2-4992-4A2F-853F-9FBF46BB4A0F}
		{ADAE1D47-A63B-4CF4-8FE6-C85E8EE9FD16} = {16A671B2-4992-4A2F-853F-9FBF46BB4A0F}
		{28BB073B-1FAA-422B-8D50-6C976AB51CD1} = {60CB1DAB-EB04-49EC-8C80-AC7D448376EE}
		{BCDAE888-3EA0-44D2-9F25-0EAD87116D84} = {60CB1DAB-EB04-49EC-8C80-AC7D448376EE}
		{E2CE0BB3-21BD-4478-80E1-ECEF002E24C4} = {60CB1DAB-EB04-49EC-8C80-AC7D448376EE}
		{ABF8F618-6111-4527-BC2E-3593CAF5A7D9} = {41110C10-BD9A-4982-A044-63EDD106DC0A}
		{CCC004E6-E2CB-4D14-91A6-6064C2A70FD4} = {41110C10-BD9A-4982-A044-63EDD106DC0A}
		{15038513-AB96-45C6-A77C-DD101EFCCE6C} = {16A671B2-4992-4A2F-853F-9FBF46BB4A0F}
		{1A7AE044-D8F6-4990-B417-1FF545670FD5} = {60CB1DAB-EB04-49EC-8C80-AC7D448376EE}
		{F3A95C22-9D4E-404E-8B87-F763A8F20B0B} = {A071951B-202B-4179-8FB4-ADB4A5056A63}
		{46850693-8922-4A45-A4D9-76521059BC9E} = {6C49A512-FD48-4AE1-B51E-1CB6595E1FF6}
		{F979BC58-F960-4F59-AD15-1FB752FC29CC} = {6C49A512-FD48-4AE1-B51E-1CB6595E1FF6}
		{C5FB8E2C-5895-40CE-96A7-D92CA3AAFCB1} = {16A671B2-4992-4A2F-853F-9FBF46BB4A0F}
		{4E468808-9027-4116-82D9-F05BCE24D776} = {5996717D-4E31-42EB-9BA5-343C767A9D3E}
		{DF0CD2EF-2780-4B36-ACC0-4742F5834230} = {4A956473-6468-4099-B4A7-16896E9D9B52}
		{28049022-F472-4EEF-8B67-DC347EB817B9} = {51710B5C-6D9F-447F-8250-66A1BE9D5F6B}
	EndGlobalSection
	GlobalSection(ExtensibilityGlobals) = postSolution
		SolutionGuid = {0918607A-21D8-476B-9CC3-402A5F08A7B9}
	EndGlobalSection
EndGlobal
